# This file is automatically @generated by Cargo.
# It is not intended for manual editing.
version = 3

[[package]]
name = "lifers"
version = "0.1.0"
source = "registry+https://github.com/rust-lang/crates.io-index"
checksum = "9e0c483264b0e0daf3b50c3bd41ed368e8953c849a32aef25af00997da361d66"

[[package]]
name = "lifers-ascii"
version = "0.1.0"
dependencies = [
 "lifers",
]
