# This file is automatically @generated by Cargo.
# It is not intended for manual editing.
version = 3

[[package]]
name = "lifers"
version = "0.2.0"
source = "registry+https://github.com/rust-lang/crates.io-index"
checksum = "8ab24295a7225d8ca4986bdd606e32b04810caf6e64b01da286245f17a0288a4"

[[package]]
name = "lifers-ascii"
version = "0.1.1"
dependencies = [
 "lifers",
]
